
Microsoft Visual Studio Solution File, Format Version 12.00
# Visual Studio Version 17
VisualStudioVersion = 17.0.31903.59
MinimumVisualStudioVersion = 10.0.40219.1
Project("{2150E333-8FDC-42A3-9474-1A3956D46DE8}") = "src", "src", "{827E0CD3-B72D-47B6-A68D-7590B98EB39B}"
EndProject
Project("{FAE04EC0-301F-11D3-BF4B-00C04F79EFBC}") = "TheHotelAPI.Domain", "src\TheHotelAPI.Domain\TheHotelAPI.Domain.csproj", "{4AA8B9ED-4146-49F1-AAA8-A57551036818}"
EndProject
Project("{FAE04EC0-301F-11D3-BF4B-00C04F79EFBC}") = "TheHotelAPI.Application", "src\TheHotelAPI.Application\TheHotelAPI.Application.csproj", "{9444DA6E-008B-46B2-ABF0-7ADC30D37309}"
EndProject
Project("{FAE04EC0-301F-11D3-BF4B-00C04F79EFBC}") = "TheHotelAPI.Infrastructure", "src\TheHotelAPI.Infrastructure\TheHotelAPI.Infrastructure.csproj", "{3A6107D4-55BD-44D4-A905-67F81BC71ED2}"
EndProject
Project("{FAE04EC0-301F-11D3-BF4B-00C04F79EFBC}") = "TheHotelAPI.Api", "src\TheHotelAPI.Api\TheHotelAPI.Api.csproj", "{DFEC822A-1411-4958-A1DF-FDB00754AD54}"
EndProject
Project("{2150E333-8FDC-42A3-9474-1A3956D46DE8}") = "tests", "tests", "{0AB3BF05-4346-4AA6-1389-037BE0695223}"
EndProject
Project("{FAE04EC0-301F-11D3-BF4B-00C04F79EFBC}") = "TheHotelAPI.Domain.Tests", "tests\TheHotelAPI.Domain.Tests\TheHotelAPI.Domain.Tests.csproj", "{90D3DBD2-49A0-4F05-8915-B8C7EA69ED12}"
EndProject
Project("{FAE04EC0-301F-11D3-BF4B-00C04F79EFBC}") = "TheHotelAPI.Application.Tests", "tests\TheHotelAPI.Application.Tests\TheHotelAPI.Application.Tests.csproj", "{B67CB1E7-4B43-45E1-A7B2-979B02A458D1}"
EndProject
Project("{FAE04EC0-301F-11D3-BF4B-00C04F79EFBC}") = "TheHotelAPI.Api.Tests", "tests\TheHotelAPI.Api.Tests\TheHotelAPI.Api.Tests.csproj", "{CBE47642-56E2-4533-BC21-D45BE8ED0CE2}"
EndProject
Global
	GlobalSection(SolutionConfigurationPlatforms) = preSolution
		Debug|Any CPU = Debug|Any CPU
		Debug|x64 = Debug|x64
		Debug|x86 = Debug|x86
		Release|Any CPU = Release|Any CPU
		Release|x64 = Release|x64
		Release|x86 = Release|x86
	EndGlobalSection
	GlobalSection(ProjectConfigurationPlatforms) = postSolution
		{4AA8B9ED-4146-49F1-AAA8-A57551036818}.Debug|Any CPU.ActiveCfg = Debug|Any CPU
		{4AA8B9ED-4146-49F1-AAA8-A57551036818}.Debug|Any CPU.Build.0 = Debug|Any CPU
		{4AA8B9ED-4146-49F1-AAA8-A57551036818}.Debug|x64.ActiveCfg = Debug|Any CPU
		{4AA8B9ED-4146-49F1-AAA8-A57551036818}.Debug|x64.Build.0 = Debug|Any CPU
		{4AA8B9ED-4146-49F1-AAA8-A57551036818}.Debug|x86.ActiveCfg = Debug|Any CPU
		{4AA8B9ED-4146-49F1-AAA8-A57551036818}.Debug|x86.Build.0 = Debug|Any CPU
		{4AA8B9ED-4146-49F1-AAA8-A57551036818}.Release|Any CPU.ActiveCfg = Release|Any CPU
		{4AA8B9ED-4146-49F1-AAA8-A57551036818}.Release|Any CPU.Build.0 = Release|Any CPU
		{4AA8B9ED-4146-49F1-AAA8-A57551036818}.Release|x64.ActiveCfg = Release|Any CPU
		{4AA8B9ED-4146-49F1-AAA8-A57551036818}.Release|x64.Build.0 = Release|Any CPU
		{4AA8B9ED-4146-49F1-AAA8-A57551036818}.Release|x86.ActiveCfg = Release|Any CPU
		{4AA8B9ED-4146-49F1-AAA8-A57551036818}.Release|x86.Build.0 = Release|Any CPU
		{9444DA6E-008B-46B2-ABF0-7ADC30D37309}.Debug|Any CPU.ActiveCfg = Debug|Any CPU
		{9444DA6E-008B-46B2-ABF0-7ADC30D37309}.Debug|Any CPU.Build.0 = Debug|Any CPU
		{9444DA6E-008B-46B2-ABF0-7ADC30D37309}.Debug|x64.ActiveCfg = Debug|Any CPU
		{9444DA6E-008B-46B2-ABF0-7ADC30D37309}.Debug|x64.Build.0 = Debug|Any CPU
		{9444DA6E-008B-46B2-ABF0-7ADC30D37309}.Debug|x86.ActiveCfg = Debug|Any CPU
		{9444DA6E-008B-46B2-ABF0-7ADC30D37309}.Debug|x86.Build.0 = Debug|Any CPU
		{9444DA6E-008B-46B2-ABF0-7ADC30D37309}.Release|Any CPU.ActiveCfg = Release|Any CPU
		{9444DA6E-008B-46B2-ABF0-7ADC30D37309}.Release|Any CPU.Build.0 = Release|Any CPU
		{9444DA6E-008B-46B2-ABF0-7ADC30D37309}.Release|x64.ActiveCfg = Release|Any CPU
		{9444DA6E-008B-46B2-ABF0-7ADC30D37309}.Release|x64.Build.0 = Release|Any CPU
		{9444DA6E-008B-46B2-ABF0-7ADC30D37309}.Release|x86.ActiveCfg = Release|Any CPU
		{9444DA6E-008B-46B2-ABF0-7ADC30D37309}.Release|x86.Build.0 = Release|Any CPU
		{3A6107D4-55BD-44D4-A905-67F81BC71ED2}.Debug|Any CPU.ActiveCfg = Debug|Any CPU
		{3A6107D4-55BD-44D4-A905-67F81BC71ED2}.Debug|Any CPU.Build.0 = Debug|Any CPU
		{3A6107D4-55BD-44D4-A905-67F81BC71ED2}.Debug|x64.ActiveCfg = Debug|Any CPU
		{3A6107D4-55BD-44D4-A905-67F81BC71ED2}.Debug|x64.Build.0 = Debug|Any CPU
		{3A6107D4-55BD-44D4-A905-67F81BC71ED2}.Debug|x86.ActiveCfg = Debug|Any CPU
		{3A6107D4-55BD-44D4-A905-67F81BC71ED2}.Debug|x86.Build.0 = Debug|Any CPU
		{3A6107D4-55BD-44D4-A905-67F81BC71ED2}.Release|Any CPU.ActiveCfg = Release|Any CPU
		{3A6107D4-55BD-44D4-A905-67F81BC71ED2}.Release|Any CPU.Build.0 = Release|Any CPU
		{3A6107D4-55BD-44D4-A905-67F81BC71ED2}.Release|x64.ActiveCfg = Release|Any CPU
		{3A6107D4-55BD-44D4-A905-67F81BC71ED2}.Release|x64.Build.0 = Release|Any CPU
		{3A6107D4-55BD-44D4-A905-67F81BC71ED2}.Release|x86.ActiveCfg = Release|Any CPU
		{3A6107D4-55BD-44D4-A905-67F81BC71ED2}.Release|x86.Build.0 = Release|Any CPU
		{DFEC822A-1411-4958-A1DF-FDB00754AD54}.Debug|Any CPU.ActiveCfg = Debug|Any CPU
		{DFEC822A-1411-4958-A1DF-FDB00754AD54}.Debug|Any CPU.Build.0 = Debug|Any CPU
		{DFEC822A-1411-4958-A1DF-FDB00754AD54}.Debug|x64.ActiveCfg = Debug|Any CPU
		{DFEC822A-1411-4958-A1DF-FDB00754AD54}.Debug|x64.Build.0 = Debug|Any CPU
		{DFEC822A-1411-4958-A1DF-FDB00754AD54}.Debug|x86.ActiveCfg = Debug|Any CPU
		{DFEC822A-1411-4958-A1DF-FDB00754AD54}.Debug|x86.Build.0 = Debug|Any CPU
		{DFEC822A-1411-4958-A1DF-FDB00754AD54}.Release|Any CPU.ActiveCfg = Release|Any CPU
		{DFEC822A-1411-4958-A1DF-FDB00754AD54}.Release|Any CPU.Build.0 = Release|Any CPU
		{DFEC822A-1411-4958-A1DF-FDB00754AD54}.Release|x64.ActiveCfg = Release|Any CPU
		{DFEC822A-1411-4958-A1DF-FDB00754AD54}.Release|x64.Build.0 = Release|Any CPU
		{DFEC822A-1411-4958-A1DF-FDB00754AD54}.Release|x86.ActiveCfg = Release|Any CPU
		{DFEC822A-1411-4958-A1DF-FDB00754AD54}.Release|x86.Build.0 = Release|Any CPU
		{90D3DBD2-49A0-4F05-8915-B8C7EA69ED12}.Debug|Any CPU.ActiveCfg = Debug|Any CPU
		{90D3DBD2-49A0-4F05-8915-B8C7EA69ED12}.Debug|Any CPU.Build.0 = Debug|Any CPU
		{90D3DBD2-49A0-4F05-8915-B8C7EA69ED12}.Debug|x64.ActiveCfg = Debug|Any CPU
		{90D3DBD2-49A0-4F05-8915-B8C7EA69ED12}.Debug|x64.Build.0 = Debug|Any CPU
		{90D3DBD2-49A0-4F05-8915-B8C7EA69ED12}.Debug|x86.ActiveCfg = Debug|Any CPU
		{90D3DBD2-49A0-4F05-8915-B8C7EA69ED12}.Debug|x86.Build.0 = Debug|Any CPU
		{90D3DBD2-49A0-4F05-8915-B8C7EA69ED12}.Release|Any CPU.ActiveCfg = Release|Any CPU
		{90D3DBD2-49A0-4F05-8915-B8C7EA69ED12}.Release|Any CPU.Build.0 = Release|Any CPU
		{90D3DBD2-49A0-4F05-8915-B8C7EA69ED12}.Release|x64.ActiveCfg = Release|Any CPU
		{90D3DBD2-49A0-4F05-8915-B8C7EA69ED12}.Release|x64.Build.0 = Release|Any CPU
		{90D3DBD2-49A0-4F05-8915-B8C7EA69ED12}.Release|x86.ActiveCfg = Release|Any CPU
		{90D3DBD2-49A0-4F05-8915-B8C7EA69ED12}.Release|x86.Build.0 = Release|Any CPU
		{B67CB1E7-4B43-45E1-A7B2-979B02A458D1}.Debug|Any CPU.ActiveCfg = Debug|Any CPU
		{B67CB1E7-4B43-45E1-A7B2-979B02A458D1}.Debug|Any CPU.Build.0 = Debug|Any CPU
		{B67CB1E7-4B43-45E1-A7B2-979B02A458D1}.Debug|x64.ActiveCfg = Debug|Any CPU
		{B67CB1E7-4B43-45E1-A7B2-979B02A458D1}.Debug|x64.Build.0 = Debug|Any CPU
		{B67CB1E7-4B43-45E1-A7B2-979B02A458D1}.Debug|x86.ActiveCfg = Debug|Any CPU
		{B67CB1E7-4B43-45E1-A7B2-979B02A458D1}.Debug|x86.Build.0 = Debug|Any CPU
		{B67CB1E7-4B43-45E1-A7B2-979B02A458D1}.Release|Any CPU.ActiveCfg = Release|Any CPU
		{B67CB1E7-4B43-45E1-A7B2-979B02A458D1}.Release|Any CPU.Build.0 = Release|Any CPU
		{B67CB1E7-4B43-45E1-A7B2-979B02A458D1}.Release|x64.ActiveCfg = Release|Any CPU
		{B67CB1E7-4B43-45E1-A7B2-979B02A458D1}.Release|x64.Build.0 = Release|Any CPU
		{B67CB1E7-4B43-45E1-A7B2-979B02A458D1}.Release|x86.ActiveCfg = Release|Any CPU
		{B67CB1E7-4B43-45E1-A7B2-979B02A458D1}.Release|x86.Build.0 = Release|Any CPU
		{CBE47642-56E2-4533-BC21-D45BE8ED0CE2}.Debug|Any CPU.ActiveCfg = Debug|Any CPU
		{CBE47642-56E2-4533-BC21-D45BE8ED0CE2}.Debug|Any CPU.Build.0 = Debug|Any CPU
		{CBE47642-56E2-4533-BC21-D45BE8ED0CE2}.Debug|x64.ActiveCfg = Debug|Any CPU
		{CBE47642-56E2-4533-BC21-D45BE8ED0CE2}.Debug|x64.Build.0 = Debug|Any CPU
		{CBE47642-56E2-4533-BC21-D45BE8ED0CE2}.Debug|x86.ActiveCfg = Debug|Any CPU
		{CBE47642-56E2-4533-BC21-D45BE8ED0CE2}.Debug|x86.Build.0 = Debug|Any CPU
		{CBE47642-56E2-4533-BC21-D45BE8ED0CE2}.Release|Any CPU.ActiveCfg = Release|Any CPU
		{CBE47642-56E2-4533-BC21-D45BE8ED0CE2}.Release|Any CPU.Build.0 = Release|Any CPU
		{CBE47642-56E2-4533-BC21-D45BE8ED0CE2}.Release|x64.ActiveCfg = Release|Any CPU
		{CBE47642-56E2-4533-BC21-D45BE8ED0CE2}.Release|x64.Build.0 = Release|Any CPU
		{CBE47642-56E2-4533-BC21-D45BE8ED0CE2}.Release|x86.ActiveCfg = Release|Any CPU
		{CBE47642-56E2-4533-BC21-D45BE8ED0CE2}.Release|x86.Build.0 = Release|Any CPU
	EndGlobalSection
	GlobalSection(SolutionProperties) = preSolution
		HideSolutionNode = FALSE
	EndGlobalSection
	GlobalSection(NestedProjects) = preSolution
		{4AA8B9ED-4146-49F1-AAA8-A57551036818} = {827E0CD3-B72D-47B6-A68D-7590B98EB39B}
		{9444DA6E-008B-46B2-ABF0-7ADC30D37309} = {827E0CD3-B72D-47B6-A68D-7590B98EB39B}
		{3A6107D4-55BD-44D4-A905-67F81BC71ED2} = {827E0CD3-B72D-47B6-A68D-7590B98EB39B}
		{DFEC822A-1411-4958-A1DF-FDB00754AD54} = {827E0CD3-B72D-47B6-A68D-7590B98EB39B}
		{90D3DBD2-49A0-4F05-8915-B8C7EA69ED12} = {0AB3BF05-4346-4AA6-1389-037BE0695223}
		{B67CB1E7-4B43-45E1-A7B2-979B02A458D1} = {0AB3BF05-4346-4AA6-1389-037BE0695223}
		{CBE47642-56E2-4533-BC21-D45BE8ED0CE2} = {0AB3BF05-4346-4AA6-1389-037BE0695223}
	EndGlobalSection
EndGlobal
